
Microsoft Visual Studio Solution File, Format Version 12.00
# Visual Studio Version 17
VisualStudioVersion = 17.7.34031.279
MinimumVisualStudioVersion = 10.0.40219.1
Project("{8BC9CEB8-8B4A-11D0-8D11-00A0C91BC942}") = "Project_1_251", "Project_1_251.vcxproj", "{EB4EA33B-676F-47D7-AA01-B4F73A808BBA}"
EndProject
Global
	GlobalSection(SolutionConfigurationPlatforms) = preSolution
		Debug|x64 = Debug|x64
		Debug|x86 = Debug|x86
		Release|x64 = Release|x64
		Release|x86 = Release|x86
	EndGlobalSection
	GlobalSection(ProjectConfigurationPlatforms) = postSolution
		{EB4EA33B-676F-47D7-AA01-B4F73A808BBA}.Debug|x64.ActiveCfg = Debug|x64
		{EB4EA33B-676F-47D7-AA01-B4F73A808BBA}.Debug|x64.Build.0 = Debug|x64
		{EB4EA33B-676F-47D7-AA01-B4F73A808BBA}.Debug|x86.ActiveCfg = Debug|Win32
		{EB4EA33B-676F-47D7-AA01-B4F73A808BBA}.Debug|x86.Build.0 = Debug|Win32
		{EB4EA33B-676F-47D7-AA01-B4F73A808BBA}.Release|x64.ActiveCfg = Release|x64
		{EB4EA33B-676F-47D7-AA01-B4F73A808BBA}.Release|x64.Build.0 = Release|x64
		{EB4EA33B-676F-47D7-AA01-B4F73A808BBA}.Release|x86.ActiveCfg = Release|Win32
		{EB4EA33B-676F-47D7-AA01-B4F73A808BBA}.Release|x86.Build.0 = Release|Win32
	EndGlobalSection
	GlobalSection(SolutionProperties) = preSolution
		HideSolutionNode = FALSE
	EndGlobalSection
	GlobalSection(ExtensibilityGlobals) = postSolution
		SolutionGuid = {C9098E5B-22F3-45DD-9BF2-62F72CDC8F1F}
	EndGlobalSection
EndGlobal
